
Microsoft Visual Studio Solution File, Format Version 12.00
# Visual Studio Version 16
VisualStudioVersion = 16.0.30225.117
MinimumVisualStudioVersion = 10.0.40219.1
Project("{FAE04EC0-301F-11D3-BF4B-00C04F79EFBC}") = "Laufwerkermittlung", "Laufwerkermittlung.csproj", "{CBD65A40-B8EF-493A-9410-7829D64FA191}"
EndProject
Global
	GlobalSection(SolutionConfigurationPlatforms) = preSolution
		Debug|Any CPU = Debug|Any CPU
		Release|Any CPU = Release|Any CPU
	EndGlobalSection
	GlobalSection(ProjectConfigurationPlatforms) = postSolution
		{CBD65A40-B8EF-493A-9410-7829D64FA191}.Debug|Any CPU.ActiveCfg = Debug|Any CPU
		{CBD65A40-B8EF-493A-9410-7829D64FA191}.Debug|Any CPU.Build.0 = Debug|Any CPU
		{CBD65A40-B8EF-493A-9410-7829D64FA191}.Release|Any CPU.ActiveCfg = Release|Any CPU
		{CBD65A40-B8EF-493A-9410-7829D64FA191}.Release|Any CPU.Build.0 = Release|Any CPU
	EndGlobalSection
	GlobalSection(SolutionProperties) = preSolution
		HideSolutionNode = FALSE
	EndGlobalSection
	GlobalSection(ExtensibilityGlobals) = postSolution
		SolutionGuid = {B3773E02-A03F-4F0B-BF2C-147C8FE6E957}
	EndGlobalSection
EndGlobal
